
Microsoft Visual Studio Solution File, Format Version 12.00
# Visual Studio Version 17
VisualStudioVersion = 17.1.32319.34
MinimumVisualStudioVersion = 10.0.40219.1
Project("{FAE04EC0-301F-11D3-BF4B-00C04F79EFBC}") = "Calculadora", "Calculadora.csproj", "{DADC224A-E3E0-4FBC-B7EC-F14EDF3A5B30}"
EndProject
Global
	GlobalSection(SolutionConfigurationPlatforms) = preSolution
		Debug|Any CPU = Debug|Any CPU
		Release|Any CPU = Release|Any CPU
	EndGlobalSection
	GlobalSection(ProjectConfigurationPlatforms) = postSolution
		{DADC224A-E3E0-4FBC-B7EC-F14EDF3A5B30}.Debug|Any CPU.ActiveCfg = Debug|Any CPU
		{DADC224A-E3E0-4FBC-B7EC-F14EDF3A5B30}.Debug|Any CPU.Build.0 = Debug|Any CPU
		{DADC224A-E3E0-4FBC-B7EC-F14EDF3A5B30}.Release|Any CPU.ActiveCfg = Release|Any CPU
		{DADC224A-E3E0-4FBC-B7EC-F14EDF3A5B30}.Release|Any CPU.Build.0 = Release|Any CPU
	EndGlobalSection
	GlobalSection(SolutionProperties) = preSolution
		HideSolutionNode = FALSE
	EndGlobalSection
	GlobalSection(ExtensibilityGlobals) = postSolution
		SolutionGuid = {ADAF77C8-FA42-4C43-8187-CAA3FED4FA75}
	EndGlobalSection
EndGlobal
